{
  "version": 4,
  "terraform_version": "1.5.7",
  "serial": 12,
  "lineage": "17cf9139-d778-c284-185d-dc9ce2ba81be",
  "outputs": {
    "location": {
      "value": "West Europe",
      "type": "string"
    },
    "map_keys_only": {
      "value": [
        "rg1",
        "rg2",
        "terraform-storage-rg"
      ],
      "type": [
        "tuple",
        [
          "string",
          "string",
          "string"
        ]
      ]
    },
    "names_list": {
      "value": [
        "rg1-dev",
        "rg2-dev",
        "terraform-storage-rg-dev"
      ],
      "type": [
        "tuple",
        [
          "string",
          "string",
          "string"
        ]
      ]
    },
    "resource_group_ids": {
      "value": {
        "rg1": "/subscriptions/4a1ce605-ab4e-4eb6-94c3-47a1d91a68e1/resourceGroups/rg1-dev",
        "rg2": "/subscriptions/4a1ce605-ab4e-4eb6-94c3-47a1d91a68e1/resourceGroups/rg2-dev",
        "terraform-storage-rg": "/subscriptions/4a1ce605-ab4e-4eb6-94c3-47a1d91a68e1/resourceGroups/terraform-storage-rg-dev"
      },
      "type": [
        "object",
        {
          "rg1": "string",
          "rg2": "string",
          "terraform-storage-rg": "string"
        }
      ]
    },
    "resource_group_name_id_only": {
      "value": {
        "rg1": "rg1-dev",
        "rg2": "rg2-dev",
        "terraform-storage-rg": "terraform-storage-rg-dev"
      },
      "type": [
        "object",
        {
          "rg1": "string",
          "rg2": "string",
          "terraform-storage-rg": "string"
        }
      ]
    }
  },
  "resources": [
    {
      "mode": "managed",
      "type": "azurerm_resource_group",
      "name": "k8s-rg",
      "provider": "provider[\"registry.terraform.io/hashicorp/azurerm\"]",
      "instances": [
        {
          "index_key": "rg1",
          "schema_version": 0,
          "attributes": {
            "id": "/subscriptions/4a1ce605-ab4e-4eb6-94c3-47a1d91a68e1/resourceGroups/rg1-dev",
            "location": "westeurope",
            "managed_by": "",
            "name": "rg1-dev",
            "tags": {
              "deploy": "terraform"
            },
            "timeouts": null
          },
          "sensitive_attributes": [],
          "private": "eyJlMmJmYjczMC1lY2FhLTExZTYtOGY4OC0zNDM2M2JjN2M0YzAiOnsiY3JlYXRlIjo1NDAwMDAwMDAwMDAwLCJkZWxldGUiOjU0MDAwMDAwMDAwMDAsInJlYWQiOjMwMDAwMDAwMDAwMCwidXBkYXRlIjo1NDAwMDAwMDAwMDAwfX0="
        },
        {
          "index_key": "rg2",
          "schema_version": 0,
          "attributes": {
            "id": "/subscriptions/4a1ce605-ab4e-4eb6-94c3-47a1d91a68e1/resourceGroups/rg2-dev",
            "location": "westeurope",
            "managed_by": "",
            "name": "rg2-dev",
            "tags": {
              "deploy": "terraform"
            },
            "timeouts": null
          },
          "sensitive_attributes": [],
          "private": "eyJlMmJmYjczMC1lY2FhLTExZTYtOGY4OC0zNDM2M2JjN2M0YzAiOnsiY3JlYXRlIjo1NDAwMDAwMDAwMDAwLCJkZWxldGUiOjU0MDAwMDAwMDAwMDAsInJlYWQiOjMwMDAwMDAwMDAwMCwidXBkYXRlIjo1NDAwMDAwMDAwMDAwfX0="
        },
        {
          "index_key": "terraform-storage-rg",
          "schema_version": 0,
          "attributes": {
            "id": "/subscriptions/4a1ce605-ab4e-4eb6-94c3-47a1d91a68e1/resourceGroups/terraform-storage-rg-dev",
            "location": "westeurope",
            "managed_by": "",
            "name": "terraform-storage-rg-dev",
            "tags": {
              "deploy": "terraform"
            },
            "timeouts": null
          },
          "sensitive_attributes": [],
          "private": "eyJlMmJmYjczMC1lY2FhLTExZTYtOGY4OC0zNDM2M2JjN2M0YzAiOnsiY3JlYXRlIjo1NDAwMDAwMDAwMDAwLCJkZWxldGUiOjU0MDAwMDAwMDAwMDAsInJlYWQiOjMwMDAwMDAwMDAwMCwidXBkYXRlIjo1NDAwMDAwMDAwMDAwfX0="
        }
      ]
    }
  ],
  "check_results": null
}
